
Microsoft Visual Studio Solution File, Format Version 12.00
# Visual Studio Version 17
VisualStudioVersion = 17.7.34221.43
MinimumVisualStudioVersion = 10.0.40219.1
Project("{FAE04EC0-301F-11D3-BF4B-00C04F79EFBC}") = "exam 1 my", "exam 1 my\exam 1 my.csproj", "{58F418C9-9E53-4EA2-B4BE-047A54A4B37A}"
EndProject
Global
	GlobalSection(SolutionConfigurationPlatforms) = preSolution
		Debug|Any CPU = Debug|Any CPU
		Release|Any CPU = Release|Any CPU
	EndGlobalSection
	GlobalSection(ProjectConfigurationPlatforms) = postSolution
		{58F418C9-9E53-4EA2-B4BE-047A54A4B37A}.Debug|Any CPU.ActiveCfg = Debug|Any CPU
		{58F418C9-9E53-4EA2-B4BE-047A54A4B37A}.Debug|Any CPU.Build.0 = Debug|Any CPU
		{58F418C9-9E53-4EA2-B4BE-047A54A4B37A}.Release|Any CPU.ActiveCfg = Release|Any CPU
		{58F418C9-9E53-4EA2-B4BE-047A54A4B37A}.Release|Any CPU.Build.0 = Release|Any CPU
	EndGlobalSection
	GlobalSection(SolutionProperties) = preSolution
		HideSolutionNode = FALSE
	EndGlobalSection
	GlobalSection(ExtensibilityGlobals) = postSolution
		SolutionGuid = {038F7A75-DAE7-4B5E-A030-8DC18DCFFC35}
	EndGlobalSection
EndGlobal
